Microsoft Visual Studio Solution File, Format Version 11.00
# Visual Studio 2008

Project("{8307C640-E736-5A66-0718-5C66D93AEE59}") = "Super Platforming Guy", "Assembly-CSharp-firstpass-vs.csproj", "{4C2BE20E-9B36-C1BC-EECF-5F325E7473BA}"
EndProject
Project("{8307C640-E736-5A66-0718-5C66D93AEE59}") = "Super Platforming Guy", "Assembly-CSharp-vs.csproj", "{41AE0FE1-B572-EDE9-C981-B6A563F4BB42}"
EndProject
Project("{8307C640-E736-5A66-0718-5C66D93AEE59}") = "Super Platforming Guy", "Assembly-CSharp-Editor-vs.csproj", "{0293E547-D69E-9CF9-67E3-6559B39DD529}"
EndProject
Global
	GlobalSection(SolutionConfigurationPlatforms) = preSolution
		Debug|Any CPU = Debug|Any CPU
		Release|Any CPU = Release|Any CPU
	EndGlobalSection
	GlobalSection(ProjectConfigurationPlatforms) = postSolution
		{4C2BE20E-9B36-C1BC-EECF-5F325E7473BA}.Debug|Any CPU.ActiveCfg = Debug|Any CPU
		{4C2BE20E-9B36-C1BC-EECF-5F325E7473BA}.Debug|Any CPU.Build.0 = Debug|Any CPU
		{4C2BE20E-9B36-C1BC-EECF-5F325E7473BA}.Release|Any CPU.ActiveCfg = Release|Any CPU
		{4C2BE20E-9B36-C1BC-EECF-5F325E7473BA}.Release|Any CPU.Build.0 = Release|Any CPU
		{41AE0FE1-B572-EDE9-C981-B6A563F4BB42}.Debug|Any CPU.ActiveCfg = Debug|Any CPU
		{41AE0FE1-B572-EDE9-C981-B6A563F4BB42}.Debug|Any CPU.Build.0 = Debug|Any CPU
		{41AE0FE1-B572-EDE9-C981-B6A563F4BB42}.Release|Any CPU.ActiveCfg = Release|Any CPU
		{41AE0FE1-B572-EDE9-C981-B6A563F4BB42}.Release|Any CPU.Build.0 = Release|Any CPU
		{0293E547-D69E-9CF9-67E3-6559B39DD529}.Debug|Any CPU.ActiveCfg = Debug|Any CPU
		{0293E547-D69E-9CF9-67E3-6559B39DD529}.Debug|Any CPU.Build.0 = Debug|Any CPU
		{0293E547-D69E-9CF9-67E3-6559B39DD529}.Release|Any CPU.ActiveCfg = Release|Any CPU
		{0293E547-D69E-9CF9-67E3-6559B39DD529}.Release|Any CPU.Build.0 = Release|Any CPU
	EndGlobalSection
	GlobalSection(SolutionProperties) = preSolution
		HideSolutionNode = FALSE
	EndGlobalSection
																																																																																																																																																																																																																																																																																																																																																																																																																																																																			GlobalSection(MonoDevelopProperties) = preSolution
		StartupItem = Assembly-CSharp.csproj
		Policies = $0
		$0.TextStylePolicy = $1
		$1.inheritsSet = null
		$1.scope = text/x-csharp
		$0.CSharpFormattingPolicy = $2
		$2.inheritsSet = Mono
		$2.inheritsScope = text/x-csharp
		$2.scope = text/x-csharp
		$0.TextStylePolicy = $3
		$3.FileWidth = 120
		$3.TabWidth = 4
		$3.EolMarker = Unix
		$3.inheritsSet = Mono
		$3.inheritsScope = text/plain
		$3.scope = text/plain
	EndGlobalSection

EndGlobal
